
Microsoft Visual Studio Solution File, Format Version 12.00
# Visual Studio 2012
Project("{FAE04EC0-301F-11D3-BF4B-00C04F79EFBC}") = "PlantUmlEditor", "PlantUmlEditor\PlantUmlEditor.csproj", "{8E43D75B-59E0-43F2-9200-5D1AE9DAD3FF}"
EndProject
Project("{FAE04EC0-301F-11D3-BF4B-00C04F79EFBC}") = "Utilities", "Utilities\Utilities.csproj", "{573D5F8C-4C19-42C3-B84B-BC585008B505}"
EndProject
Project("{FAE04EC0-301F-11D3-BF4B-00C04F79EFBC}") = "Unit.Tests", "Unit.Tests\Unit.Tests.csproj", "{4AB0FC65-635E-46C2-B821-5B8C74DB7C8F}"
EndProject
Project("{FAE04EC0-301F-11D3-BF4B-00C04F79EFBC}") = "Utilities.Controls", "Utilities.Controls\Utilities.Controls.csproj", "{3BE8D9DC-DDC3-47D8-848F-68CF43026CCA}"
EndProject
Project("{2150E333-8FDC-42A3-9474-1A3956D46DE8}") = "Solution Items", "Solution Items", "{387E4E1E-FAE3-4447-9530-160038A09BAA}"
	ProjectSection(SolutionItems) = preProject
		GlobalAssemblyInfo.cs = GlobalAssemblyInfo.cs
		LICENSE = LICENSE
		NOTICE = NOTICE
	EndProjectSection
EndProject
Project("{2150E333-8FDC-42A3-9474-1A3956D46DE8}") = "Reference", "Reference", "{48B0ABAE-458A-46FD-B548-0EEB50AB3413}"
	ProjectSection(SolutionItems) = preProject
		Reference\ICSharpCode.AvalonEdit.shfb = Reference\ICSharpCode.AvalonEdit.shfb
		Reference\language.txt = Reference\language.txt
		Reference\patterns.txt = Reference\patterns.txt
		Reference\PlantUML Language Reference Guide.pdf = Reference\PlantUML Language Reference Guide.pdf
	EndProjectSection
EndProject
Project("{FAE04EC0-301F-11D3-BF4B-00C04F79EFBC}") = "PlantUmlEditor.Core", "PlantUmlEditor.Core\PlantUmlEditor.Core.csproj", "{F8E4AD9F-72F7-4205-803B-E3B242D32E5C}"
EndProject
Project("{930C7802-8A8C-48F9-8165-68863BCCD9DD}") = "PlantUmlEditor.Setup", "PlantUmlEditor.Setup\PlantUmlEditor.Setup.wixproj", "{8B0F862D-A3AF-4FA1-B745-11323E7A58E8}"
EndProject
Global
	GlobalSection(SolutionConfigurationPlatforms) = preSolution
		Debug|Any CPU = Debug|Any CPU
		Debug|Mixed Platforms = Debug|Mixed Platforms
		Debug|x86 = Debug|x86
		Release|Any CPU = Release|Any CPU
		Release|Mixed Platforms = Release|Mixed Platforms
		Release|x86 = Release|x86
	EndGlobalSection
	GlobalSection(ProjectConfigurationPlatforms) = postSolution
		{8E43D75B-59E0-43F2-9200-5D1AE9DAD3FF}.Debug|Any CPU.ActiveCfg = Debug|Any CPU
		{8E43D75B-59E0-43F2-9200-5D1AE9DAD3FF}.Debug|Any CPU.Build.0 = Debug|Any CPU
		{8E43D75B-59E0-43F2-9200-5D1AE9DAD3FF}.Debug|Mixed Platforms.ActiveCfg = Debug|Any CPU
		{8E43D75B-59E0-43F2-9200-5D1AE9DAD3FF}.Debug|Mixed Platforms.Build.0 = Debug|Any CPU
		{8E43D75B-59E0-43F2-9200-5D1AE9DAD3FF}.Debug|x86.ActiveCfg = Debug|Any CPU
		{8E43D75B-59E0-43F2-9200-5D1AE9DAD3FF}.Release|Any CPU.ActiveCfg = Release|Any CPU
		{8E43D75B-59E0-43F2-9200-5D1AE9DAD3FF}.Release|Any CPU.Build.0 = Release|Any CPU
		{8E43D75B-59E0-43F2-9200-5D1AE9DAD3FF}.Release|Mixed Platforms.ActiveCfg = Release|Any CPU
		{8E43D75B-59E0-43F2-9200-5D1AE9DAD3FF}.Release|Mixed Platforms.Build.0 = Release|Any CPU
		{8E43D75B-59E0-43F2-9200-5D1AE9DAD3FF}.Release|x86.ActiveCfg = Release|Any CPU
		{573D5F8C-4C19-42C3-B84B-BC585008B505}.Debug|Any CPU.ActiveCfg = Debug|Any CPU
		{573D5F8C-4C19-42C3-B84B-BC585008B505}.Debug|Any CPU.Build.0 = Debug|Any CPU
		{573D5F8C-4C19-42C3-B84B-BC585008B505}.Debug|Mixed Platforms.ActiveCfg = Debug|Any CPU
		{573D5F8C-4C19-42C3-B84B-BC585008B505}.Debug|Mixed Platforms.Build.0 = Debug|Any CPU
		{573D5F8C-4C19-42C3-B84B-BC585008B505}.Debug|x86.ActiveCfg = Debug|Any CPU
		{573D5F8C-4C19-42C3-B84B-BC585008B505}.Release|Any CPU.ActiveCfg = Release|Any CPU
		{573D5F8C-4C19-42C3-B84B-BC585008B505}.Release|Any CPU.Build.0 = Release|Any CPU
		{573D5F8C-4C19-42C3-B84B-BC585008B505}.Release|Mixed Platforms.ActiveCfg = Release|Any CPU
		{573D5F8C-4C19-42C3-B84B-BC585008B505}.Release|Mixed Platforms.Build.0 = Release|Any CPU
		{573D5F8C-4C19-42C3-B84B-BC585008B505}.Release|x86.ActiveCfg = Release|Any CPU
		{4AB0FC65-635E-46C2-B821-5B8C74DB7C8F}.Debug|Any CPU.ActiveCfg = Debug|Any CPU
		{4AB0FC65-635E-46C2-B821-5B8C74DB7C8F}.Debug|Any CPU.Build.0 = Debug|Any CPU
		{4AB0FC65-635E-46C2-B821-5B8C74DB7C8F}.Debug|Mixed Platforms.ActiveCfg = Debug|Any CPU
		{4AB0FC65-635E-46C2-B821-5B8C74DB7C8F}.Debug|Mixed Platforms.Build.0 = Debug|Any CPU
		{4AB0FC65-635E-46C2-B821-5B8C74DB7C8F}.Debug|x86.ActiveCfg = Debug|Any CPU
		{4AB0FC65-635E-46C2-B821-5B8C74DB7C8F}.Release|Any CPU.ActiveCfg = Release|Any CPU
		{4AB0FC65-635E-46C2-B821-5B8C74DB7C8F}.Release|Any CPU.Build.0 = Release|Any CPU
		{4AB0FC65-635E-46C2-B821-5B8C74DB7C8F}.Release|Mixed Platforms.ActiveCfg = Release|Any CPU
		{4AB0FC65-635E-46C2-B821-5B8C74DB7C8F}.Release|Mixed Platforms.Build.0 = Release|Any CPU
		{4AB0FC65-635E-46C2-B821-5B8C74DB7C8F}.Release|x86.ActiveCfg = Release|Any CPU
		{3BE8D9DC-DDC3-47D8-848F-68CF43026CCA}.Debug|Any CPU.ActiveCfg = Debug|Any CPU
		{3BE8D9DC-DDC3-47D8-848F-68CF43026CCA}.Debug|Any CPU.Build.0 = Debug|Any CPU
		{3BE8D9DC-DDC3-47D8-848F-68CF43026CCA}.Debug|Mixed Platforms.ActiveCfg = Debug|Any CPU
		{3BE8D9DC-DDC3-47D8-848F-68CF43026CCA}.Debug|Mixed Platforms.Build.0 = Debug|Any CPU
		{3BE8D9DC-DDC3-47D8-848F-68CF43026CCA}.Debug|x86.ActiveCfg = Debug|Any CPU
		{3BE8D9DC-DDC3-47D8-848F-68CF43026CCA}.Release|Any CPU.ActiveCfg = Release|Any CPU
		{3BE8D9DC-DDC3-47D8-848F-68CF43026CCA}.Release|Any CPU.Build.0 = Release|Any CPU
		{3BE8D9DC-DDC3-47D8-848F-68CF43026CCA}.Release|Mixed Platforms.ActiveCfg = Release|Any CPU
		{3BE8D9DC-DDC3-47D8-848F-68CF43026CCA}.Release|Mixed Platforms.Build.0 = Release|Any CPU
		{3BE8D9DC-DDC3-47D8-848F-68CF43026CCA}.Release|x86.ActiveCfg = Release|Any CPU
		{F8E4AD9F-72F7-4205-803B-E3B242D32E5C}.Debug|Any CPU.ActiveCfg = Debug|Any CPU
		{F8E4AD9F-72F7-4205-803B-E3B242D32E5C}.Debug|Any CPU.Build.0 = Debug|Any CPU
		{F8E4AD9F-72F7-4205-803B-E3B242D32E5C}.Debug|Mixed Platforms.ActiveCfg = Debug|Any CPU
		{F8E4AD9F-72F7-4205-803B-E3B242D32E5C}.Debug|Mixed Platforms.Build.0 = Debug|Any CPU
		{F8E4AD9F-72F7-4205-803B-E3B242D32E5C}.Debug|x86.ActiveCfg = Debug|Any CPU
		{F8E4AD9F-72F7-4205-803B-E3B242D32E5C}.Release|Any CPU.ActiveCfg = Release|Any CPU
		{F8E4AD9F-72F7-4205-803B-E3B242D32E5C}.Release|Any CPU.Build.0 = Release|Any CPU
		{F8E4AD9F-72F7-4205-803B-E3B242D32E5C}.Release|Mixed Platforms.ActiveCfg = Release|Any CPU
		{F8E4AD9F-72F7-4205-803B-E3B242D32E5C}.Release|Mixed Platforms.Build.0 = Release|Any CPU
		{F8E4AD9F-72F7-4205-803B-E3B242D32E5C}.Release|x86.ActiveCfg = Release|Any CPU
		{8B0F862D-A3AF-4FA1-B745-11323E7A58E8}.Debug|Any CPU.ActiveCfg = Debug|x86
		{8B0F862D-A3AF-4FA1-B745-11323E7A58E8}.Debug|Mixed Platforms.ActiveCfg = Debug|x86
		{8B0F862D-A3AF-4FA1-B745-11323E7A58E8}.Debug|Mixed Platforms.Build.0 = Debug|x86
		{8B0F862D-A3AF-4FA1-B745-11323E7A58E8}.Debug|x86.ActiveCfg = Debug|x86
		{8B0F862D-A3AF-4FA1-B745-11323E7A58E8}.Debug|x86.Build.0 = Debug|x86
		{8B0F862D-A3AF-4FA1-B745-11323E7A58E8}.Release|Any CPU.ActiveCfg = Release|x86
		{8B0F862D-A3AF-4FA1-B745-11323E7A58E8}.Release|Any CPU.Build.0 = Release|x86
		{8B0F862D-A3AF-4FA1-B745-11323E7A58E8}.Release|Any CPU.Deploy.0 = Release|x86
		{8B0F862D-A3AF-4FA1-B745-11323E7A58E8}.Release|Mixed Platforms.ActiveCfg = Release|x86
		{8B0F862D-A3AF-4FA1-B745-11323E7A58E8}.Release|Mixed Platforms.Build.0 = Release|x86
		{8B0F862D-A3AF-4FA1-B745-11323E7A58E8}.Release|x86.ActiveCfg = Release|x86
		{8B0F862D-A3AF-4FA1-B745-11323E7A58E8}.Release|x86.Build.0 = Release|x86
	EndGlobalSection
	GlobalSection(SolutionProperties) = preSolution
		HideSolutionNode = FALSE
	EndGlobalSection
EndGlobal
